
Microsoft Visual Studio Solution File, Format Version 12.00
# Visual Studio 15
VisualStudioVersion = 15.0.28307.572
MinimumVisualStudioVersion = 10.0.40219.1
Project("{FAE04EC0-301F-11D3-BF4B-00C04F79EFBC}") = "CSharp_Grundlagen", "CSharp_Grundlagen\CSharp_Grundlagen.csproj", "{0AE8794A-1AFE-42D7-8521-E87AD42BAD8F}"
EndProject
Global
	GlobalSection(SolutionConfigurationPlatforms) = preSolution
		Debug|Any CPU = Debug|Any CPU
		Release|Any CPU = Release|Any CPU
	EndGlobalSection
	GlobalSection(ProjectConfigurationPlatforms) = postSolution
		{0AE8794A-1AFE-42D7-8521-E87AD42BAD8F}.Debug|Any CPU.ActiveCfg = Debug|Any CPU
		{0AE8794A-1AFE-42D7-8521-E87AD42BAD8F}.Debug|Any CPU.Build.0 = Debug|Any CPU
		{0AE8794A-1AFE-42D7-8521-E87AD42BAD8F}.Release|Any CPU.ActiveCfg = Release|Any CPU
		{0AE8794A-1AFE-42D7-8521-E87AD42BAD8F}.Release|Any CPU.Build.0 = Release|Any CPU
	EndGlobalSection
	GlobalSection(SolutionProperties) = preSolution
		HideSolutionNode = FALSE
	EndGlobalSection
	GlobalSection(ExtensibilityGlobals) = postSolution
		SolutionGuid = {A89C4D7B-8F42-4790-A845-3C27E335CC89}
	EndGlobalSection
EndGlobal
